Microsoft Visual Studio Solution File, Format Version 12.00
# Visual Studio Version 17
VisualStudioVersion = 17.0.31903.59
MinimumVisualStudioVersion = 10.0.40219.1
Project("{2150E333-8FDC-42A3-9474-1A3956D46DE8}") = "src", "src", "{D6C5C0A8-4A5A-4A5A-9C4A-1F4A4F4F4F01}"
EndProject
Project("{2150E333-8FDC-42A3-9474-1A3956D46DE8}") = "tests", "tests", "{D6C5C0A8-4A5A-4A5A-9C4A-1F4A4F4F4F02}"
EndProject
Project("{FAE04EC0-301F-11D3-BF4B-00C04F79EFBC}") = "Compendium.Adapters.Pgvector", "src\Compendium.Adapters.Pgvector\Compendium.Adapters.Pgvector.csproj", "{A1A1A1A1-0000-0000-0000-000000000001}"
EndProject
Project("{FAE04EC0-301F-11D3-BF4B-00C04F79EFBC}") = "Compendium.Adapters.Pgvector.Tests", "tests\Unit\Compendium.Adapters.Pgvector.Tests\Compendium.Adapters.Pgvector.Tests.csproj", "{A1A1A1A1-0000-0000-0000-000000000002}"
EndProject
Project("{2150E333-8FDC-42A3-9474-1A3956D46DE8}") = "Integration", "Integration", "{C518B754-EBEA-483F-B36E-FEC25F64888C}"
EndProject
Project("{FAE04EC0-301F-11D3-BF4B-00C04F79EFBC}") = "Compendium.Adapters.Pgvector.IntegrationTests", "tests\Integration\Compendium.Adapters.Pgvector.IntegrationTests\Compendium.Adapters.Pgvector.IntegrationTests.csproj", "{E5007364-66F3-424B-82CE-49F8F64EB33F}"
EndProject
Project("{2150E333-8FDC-42A3-9474-1A3956D46DE8}") = "samples", "samples", "{030D2CA7-C838-4FEC-824E-AA3EF746F625}"
EndProject
Project("{FAE04EC0-301F-11D3-BF4B-00C04F79EFBC}") = "01-rag-roundtrip", "samples\01-rag-roundtrip\01-rag-roundtrip.csproj", "{68C55E6C-68C4-4E0F-A7AD-7BC27FE8698C}"
EndProject
Global
	GlobalSection(SolutionConfigurationPlatforms) = preSolution
		Debug|Any CPU = Debug|Any CPU
		Release|Any CPU = Release|Any CPU
	EndGlobalSection
	GlobalSection(ProjectConfigurationPlatforms) = postSolution
		{A1A1A1A1-0000-0000-0000-000000000001}.Debug|Any CPU.ActiveCfg = Debug|Any CPU
		{A1A1A1A1-0000-0000-0000-000000000001}.Debug|Any CPU.Build.0 = Debug|Any CPU
		{A1A1A1A1-0000-0000-0000-000000000001}.Release|Any CPU.ActiveCfg = Release|Any CPU
		{A1A1A1A1-0000-0000-0000-000000000001}.Release|Any CPU.Build.0 = Release|Any CPU
		{A1A1A1A1-0000-0000-0000-000000000002}.Debug|Any CPU.ActiveCfg = Debug|Any CPU
		{A1A1A1A1-0000-0000-0000-000000000002}.Debug|Any CPU.Build.0 = Debug|Any CPU
		{A1A1A1A1-0000-0000-0000-000000000002}.Release|Any CPU.ActiveCfg = Release|Any CPU
		{A1A1A1A1-0000-0000-0000-000000000002}.Release|Any CPU.Build.0 = Release|Any CPU
		{E5007364-66F3-424B-82CE-49F8F64EB33F}.Debug|Any CPU.ActiveCfg = Debug|Any CPU
		{E5007364-66F3-424B-82CE-49F8F64EB33F}.Debug|Any CPU.Build.0 = Debug|Any CPU
		{E5007364-66F3-424B-82CE-49F8F64EB33F}.Release|Any CPU.ActiveCfg = Release|Any CPU
		{E5007364-66F3-424B-82CE-49F8F64EB33F}.Release|Any CPU.Build.0 = Release|Any CPU
		{68C55E6C-68C4-4E0F-A7AD-7BC27FE8698C}.Debug|Any CPU.ActiveCfg = Debug|Any CPU
		{68C55E6C-68C4-4E0F-A7AD-7BC27FE8698C}.Debug|Any CPU.Build.0 = Debug|Any CPU
		{68C55E6C-68C4-4E0F-A7AD-7BC27FE8698C}.Release|Any CPU.ActiveCfg = Release|Any CPU
		{68C55E6C-68C4-4E0F-A7AD-7BC27FE8698C}.Release|Any CPU.Build.0 = Release|Any CPU
	EndGlobalSection
	GlobalSection(NestedProjects) = preSolution
		{A1A1A1A1-0000-0000-0000-000000000001} = {D6C5C0A8-4A5A-4A5A-9C4A-1F4A4F4F4F01}
		{A1A1A1A1-0000-0000-0000-000000000002} = {D6C5C0A8-4A5A-4A5A-9C4A-1F4A4F4F4F02}
		{C518B754-EBEA-483F-B36E-FEC25F64888C} = {D6C5C0A8-4A5A-4A5A-9C4A-1F4A4F4F4F02}
		{E5007364-66F3-424B-82CE-49F8F64EB33F} = {C518B754-EBEA-483F-B36E-FEC25F64888C}
		{68C55E6C-68C4-4E0F-A7AD-7BC27FE8698C} = {030D2CA7-C838-4FEC-824E-AA3EF746F625}
	EndGlobalSection
EndGlobal
